
Microsoft Visual Studio Solution File, Format Version 12.00
# Visual Studio Version 16
VisualStudioVersion = 16.0.31112.23
MinimumVisualStudioVersion = 10.0.40219.1
Project("{FAE04EC0-301F-11D3-BF4B-00C04F79EFBC}") = "carRentmgr0611", "carRentmgr0611\carRentmgr0611.csproj", "{317E0317-F280-4D7B-B191-7267B64EF088}"
EndProject
Global
	GlobalSection(SolutionConfigurationPlatforms) = preSolution
		Debug|Any CPU = Debug|Any CPU
		Release|Any CPU = Release|Any CPU
	EndGlobalSection
	GlobalSection(ProjectConfigurationPlatforms) = postSolution
		{317E0317-F280-4D7B-B191-7267B64EF088}.Debug|Any CPU.ActiveCfg = Debug|Any CPU
		{317E0317-F280-4D7B-B191-7267B64EF088}.Debug|Any CPU.Build.0 = Debug|Any CPU
		{317E0317-F280-4D7B-B191-7267B64EF088}.Release|Any CPU.ActiveCfg = Release|Any CPU
		{317E0317-F280-4D7B-B191-7267B64EF088}.Release|Any CPU.Build.0 = Release|Any CPU
	EndGlobalSection
	GlobalSection(SolutionProperties) = preSolution
		HideSolutionNode = FALSE
	EndGlobalSection
	GlobalSection(ExtensibilityGlobals) = postSolution
		SolutionGuid = {DA0A7588-5D4B-4A08-ABAC-B0A356A42A7D}
	EndGlobalSection
EndGlobal
