
Microsoft Visual Studio Solution File, Format Version 12.00
# Visual Studio Version 16
VisualStudioVersion = 16.0.31112.23
MinimumVisualStudioVersion = 10.0.40219.1
Project("{FAE04EC0-301F-11D3-BF4B-00C04F79EFBC}") = "singleTest0611", "singleTest0611\singleTest0611.csproj", "{810CB0EB-F9D5-4F24-BF45-99BFBE7D2BE5}"
EndProject
Global
	GlobalSection(SolutionConfigurationPlatforms) = preSolution
		Debug|Any CPU = Debug|Any CPU
		Release|Any CPU = Release|Any CPU
	EndGlobalSection
	GlobalSection(ProjectConfigurationPlatforms) = postSolution
		{810CB0EB-F9D5-4F24-BF45-99BFBE7D2BE5}.Debug|Any CPU.ActiveCfg = Debug|Any CPU
		{810CB0EB-F9D5-4F24-BF45-99BFBE7D2BE5}.Debug|Any CPU.Build.0 = Debug|Any CPU
		{810CB0EB-F9D5-4F24-BF45-99BFBE7D2BE5}.Release|Any CPU.ActiveCfg = Release|Any CPU
		{810CB0EB-F9D5-4F24-BF45-99BFBE7D2BE5}.Release|Any CPU.Build.0 = Release|Any CPU
	EndGlobalSection
	GlobalSection(SolutionProperties) = preSolution
		HideSolutionNode = FALSE
	EndGlobalSection
	GlobalSection(ExtensibilityGlobals) = postSolution
		SolutionGuid = {97E06708-36F6-4B16-88B7-2FF10D989106}
	EndGlobalSection
EndGlobal
